
Microsoft Visual Studio Solution File, Format Version 12.00
# Visual Studio Version 17
VisualStudioVersion = 17.1.32407.343
MinimumVisualStudioVersion = 10.0.40219.1
Project("{2150E333-8FDC-42A3-9474-1A3956D46DE8}") = "Tests", "Tests", "{DEF39CA5-8C28-43AA-957C-2A2A6D0C629A}"
EndProject
Project("{2150E333-8FDC-42A3-9474-1A3956D46DE8}") = "Services", "Services", "{D56A2440-F17F-45CF-8CDE-F5EBA199FE8E}"
EndProject
Project("{2150E333-8FDC-42A3-9474-1A3956D46DE8}") = "Documents", "Documents", "{3540EFC9-2BC7-4ABD-8D0E-C8BDA231BD6A}"
EndProject
Project("{2150E333-8FDC-42A3-9474-1A3956D46DE8}") = "Core", "Core", "{342A862B-DEB9-4EED-A523-9B8FC3737CA7}"
EndProject
Project("{2150E333-8FDC-42A3-9474-1A3956D46DE8}") = "Identity", "Identity", "{329E5939-2275-4FB1-BDDF-B1590B97C31B}"
EndProject
Project("{2150E333-8FDC-42A3-9474-1A3956D46DE8}") = "Catalog", "Catalog", "{3C18EB7B-DE38-4984-B423-7058D97FC37E}"
EndProject
Project("{2150E333-8FDC-42A3-9474-1A3956D46DE8}") = "Order", "Order", "{B7450A66-FFB7-4FC0-8495-E33797A50D55}"
EndProject
Project("{2150E333-8FDC-42A3-9474-1A3956D46DE8}") = "Payment", "Payment", "{5FBCC1E1-B033-4850-A250-10BBFAEFF3ED}"
EndProject
Project("{2150E333-8FDC-42A3-9474-1A3956D46DE8}") = "Docker", "Docker", "{5E6C5A56-5B90-41C8-ACA5-8F7770C8C2F8}"
EndProject
Project("{9A19103F-16F7-4668-BE54-9A1E7A4F7556}") = "IdentityService.Api", "IdentityService.Api\IdentityService.Api.csproj", "{746D8D24-C979-4080-884C-64F9E58709E7}"
EndProject
Project("{9A19103F-16F7-4668-BE54-9A1E7A4F7556}") = "IdentityService", "IdentityService\IdentityService.csproj", "{5F95B0ED-3976-4A52-891A-354CABB5EC55}"
EndProject
Project("{2150E333-8FDC-42A3-9474-1A3956D46DE8}") = "Utilities", "Utilities", "{F609B336-2C3C-4673-9A2C-52EDD86BA805}"
EndProject
Project("{9A19103F-16F7-4668-BE54-9A1E7A4F7556}") = "Domain", "Domain\Domain.csproj", "{90010830-9BF1-41FC-9811-41C0F476C76A}"
EndProject
Project("{9A19103F-16F7-4668-BE54-9A1E7A4F7556}") = "Authentication", "Authentication\Authentication.csproj", "{35DE96D3-51E3-43EE-9E66-48E60317F019}"
EndProject
Project("{9A19103F-16F7-4668-BE54-9A1E7A4F7556}") = "Culture", "Culture\Culture.csproj", "{0F5BCF35-99E2-4A8C-AD46-303A23B4238F}"
EndProject
Project("{9A19103F-16F7-4668-BE54-9A1E7A4F7556}") = "Logging", "Logging\Logging.csproj", "{50E82335-3983-449C-993F-2518F9105988}"
EndProject
Project("{9A19103F-16F7-4668-BE54-9A1E7A4F7556}") = "Utilities", "Utilities\Utilities.csproj", "{971EBEC0-50FE-4DF5-872C-309C618BEF05}"
EndProject
Project("{9A19103F-16F7-4668-BE54-9A1E7A4F7556}") = "Infrastructure.EfCore", "Infrastructure.EfCore\Infrastructure.EfCore.csproj", "{2EB04DBC-9F39-4855-B6FD-F2D16AC17222}"
EndProject
Project("{FAE04EC0-301F-11D3-BF4B-00C04F79EFBC}") = "Repository", "Repository\Repository.csproj", "{F94FE0BB-F49F-41B6-8AE0-3AC1E50F8316}"
EndProject
Global
	GlobalSection(SolutionConfigurationPlatforms) = preSolution
		Debug|Any CPU = Debug|Any CPU
		Release|Any CPU = Release|Any CPU
	EndGlobalSection
	GlobalSection(ProjectConfigurationPlatforms) = postSolution
		{746D8D24-C979-4080-884C-64F9E58709E7}.Debug|Any CPU.ActiveCfg = Debug|Any CPU
		{746D8D24-C979-4080-884C-64F9E58709E7}.Debug|Any CPU.Build.0 = Debug|Any CPU
		{746D8D24-C979-4080-884C-64F9E58709E7}.Release|Any CPU.ActiveCfg = Release|Any CPU
		{746D8D24-C979-4080-884C-64F9E58709E7}.Release|Any CPU.Build.0 = Release|Any CPU
		{5F95B0ED-3976-4A52-891A-354CABB5EC55}.Debug|Any CPU.ActiveCfg = Debug|Any CPU
		{5F95B0ED-3976-4A52-891A-354CABB5EC55}.Debug|Any CPU.Build.0 = Debug|Any CPU
		{5F95B0ED-3976-4A52-891A-354CABB5EC55}.Release|Any CPU.ActiveCfg = Release|Any CPU
		{5F95B0ED-3976-4A52-891A-354CABB5EC55}.Release|Any CPU.Build.0 = Release|Any CPU
		{90010830-9BF1-41FC-9811-41C0F476C76A}.Debug|Any CPU.ActiveCfg = Debug|Any CPU
		{90010830-9BF1-41FC-9811-41C0F476C76A}.Debug|Any CPU.Build.0 = Debug|Any CPU
		{90010830-9BF1-41FC-9811-41C0F476C76A}.Release|Any CPU.ActiveCfg = Release|Any CPU
		{90010830-9BF1-41FC-9811-41C0F476C76A}.Release|Any CPU.Build.0 = Release|Any CPU
		{35DE96D3-51E3-43EE-9E66-48E60317F019}.Debug|Any CPU.ActiveCfg = Debug|Any CPU
		{35DE96D3-51E3-43EE-9E66-48E60317F019}.Debug|Any CPU.Build.0 = Debug|Any CPU
		{35DE96D3-51E3-43EE-9E66-48E60317F019}.Release|Any CPU.ActiveCfg = Release|Any CPU
		{35DE96D3-51E3-43EE-9E66-48E60317F019}.Release|Any CPU.Build.0 = Release|Any CPU
		{0F5BCF35-99E2-4A8C-AD46-303A23B4238F}.Debug|Any CPU.ActiveCfg = Debug|Any CPU
		{0F5BCF35-99E2-4A8C-AD46-303A23B4238F}.Debug|Any CPU.Build.0 = Debug|Any CPU
		{0F5BCF35-99E2-4A8C-AD46-303A23B4238F}.Release|Any CPU.ActiveCfg = Release|Any CPU
		{0F5BCF35-99E2-4A8C-AD46-303A23B4238F}.Release|Any CPU.Build.0 = Release|Any CPU
		{50E82335-3983-449C-993F-2518F9105988}.Debug|Any CPU.ActiveCfg = Debug|Any CPU
		{50E82335-3983-449C-993F-2518F9105988}.Debug|Any CPU.Build.0 = Debug|Any CPU
		{50E82335-3983-449C-993F-2518F9105988}.Release|Any CPU.ActiveCfg = Release|Any CPU
		{50E82335-3983-449C-993F-2518F9105988}.Release|Any CPU.Build.0 = Release|Any CPU
		{971EBEC0-50FE-4DF5-872C-309C618BEF05}.Debug|Any CPU.ActiveCfg = Debug|Any CPU
		{971EBEC0-50FE-4DF5-872C-309C618BEF05}.Debug|Any CPU.Build.0 = Debug|Any CPU
		{971EBEC0-50FE-4DF5-872C-309C618BEF05}.Release|Any CPU.ActiveCfg = Release|Any CPU
		{971EBEC0-50FE-4DF5-872C-309C618BEF05}.Release|Any CPU.Build.0 = Release|Any CPU
		{2EB04DBC-9F39-4855-B6FD-F2D16AC17222}.Debug|Any CPU.ActiveCfg = Debug|Any CPU
		{2EB04DBC-9F39-4855-B6FD-F2D16AC17222}.Debug|Any CPU.Build.0 = Debug|Any CPU
		{2EB04DBC-9F39-4855-B6FD-F2D16AC17222}.Release|Any CPU.ActiveCfg = Release|Any CPU
		{2EB04DBC-9F39-4855-B6FD-F2D16AC17222}.Release|Any CPU.Build.0 = Release|Any CPU
		{F94FE0BB-F49F-41B6-8AE0-3AC1E50F8316}.Debug|Any CPU.ActiveCfg = Debug|Any CPU
		{F94FE0BB-F49F-41B6-8AE0-3AC1E50F8316}.Debug|Any CPU.Build.0 = Debug|Any CPU
		{F94FE0BB-F49F-41B6-8AE0-3AC1E50F8316}.Release|Any CPU.ActiveCfg = Release|Any CPU
		{F94FE0BB-F49F-41B6-8AE0-3AC1E50F8316}.Release|Any CPU.Build.0 = Release|Any CPU
	EndGlobalSection
	GlobalSection(SolutionProperties) = preSolution
		HideSolutionNode = FALSE
	EndGlobalSection
	GlobalSection(NestedProjects) = preSolution
		{329E5939-2275-4FB1-BDDF-B1590B97C31B} = {D56A2440-F17F-45CF-8CDE-F5EBA199FE8E}
		{3C18EB7B-DE38-4984-B423-7058D97FC37E} = {D56A2440-F17F-45CF-8CDE-F5EBA199FE8E}
		{B7450A66-FFB7-4FC0-8495-E33797A50D55} = {D56A2440-F17F-45CF-8CDE-F5EBA199FE8E}
		{5FBCC1E1-B033-4850-A250-10BBFAEFF3ED} = {D56A2440-F17F-45CF-8CDE-F5EBA199FE8E}
		{746D8D24-C979-4080-884C-64F9E58709E7} = {329E5939-2275-4FB1-BDDF-B1590B97C31B}
		{5F95B0ED-3976-4A52-891A-354CABB5EC55} = {329E5939-2275-4FB1-BDDF-B1590B97C31B}
		{F609B336-2C3C-4673-9A2C-52EDD86BA805} = {342A862B-DEB9-4EED-A523-9B8FC3737CA7}
		{90010830-9BF1-41FC-9811-41C0F476C76A} = {342A862B-DEB9-4EED-A523-9B8FC3737CA7}
		{35DE96D3-51E3-43EE-9E66-48E60317F019} = {F609B336-2C3C-4673-9A2C-52EDD86BA805}
		{0F5BCF35-99E2-4A8C-AD46-303A23B4238F} = {F609B336-2C3C-4673-9A2C-52EDD86BA805}
		{50E82335-3983-449C-993F-2518F9105988} = {F609B336-2C3C-4673-9A2C-52EDD86BA805}
		{971EBEC0-50FE-4DF5-872C-309C618BEF05} = {F609B336-2C3C-4673-9A2C-52EDD86BA805}
		{2EB04DBC-9F39-4855-B6FD-F2D16AC17222} = {342A862B-DEB9-4EED-A523-9B8FC3737CA7}
		{F94FE0BB-F49F-41B6-8AE0-3AC1E50F8316} = {342A862B-DEB9-4EED-A523-9B8FC3737CA7}
	EndGlobalSection
	GlobalSection(ExtensibilityGlobals) = postSolution
		SolutionGuid = {0C913017-CA6E-43E4-8648-2348C22D146E}
	EndGlobalSection
EndGlobal
